
Microsoft Visual Studio Solution File, Format Version 12.00
# Visual Studio Version 17
VisualStudioVersion = 17.0.31919.166
MinimumVisualStudioVersion = 10.0.40219.1
Project("{FAE04EC0-301F-11D3-BF4B-00C04F79EFBC}") = "Ent", "Ent\Ent.csproj", "{631E8E39-3A7E-44C1-A436-F3C0E995CD74}"
EndProject
Global
	GlobalSection(SolutionConfigurationPlatforms) = preSolution
		Debug|Any CPU = Debug|Any CPU
		Release|Any CPU = Release|Any CPU
	EndGlobalSection
	GlobalSection(ProjectConfigurationPlatforms) = postSolution
		{631E8E39-3A7E-44C1-A436-F3C0E995CD74}.Debug|Any CPU.ActiveCfg = Debug|Any CPU
		{631E8E39-3A7E-44C1-A436-F3C0E995CD74}.Debug|Any CPU.Build.0 = Debug|Any CPU
		{631E8E39-3A7E-44C1-A436-F3C0E995CD74}.Release|Any CPU.ActiveCfg = Release|Any CPU
		{631E8E39-3A7E-44C1-A436-F3C0E995CD74}.Release|Any CPU.Build.0 = Release|Any CPU
	EndGlobalSection
	GlobalSection(SolutionProperties) = preSolution
		HideSolutionNode = FALSE
	EndGlobalSection
	GlobalSection(ExtensibilityGlobals) = postSolution
		SolutionGuid = {E562311A-2A8B-43D4-B942-618899F49C94}
	EndGlobalSection
EndGlobal
